
Microsoft Visual Studio Solution File, Format Version 12.00
# Visual Studio Version 16
VisualStudioVersion = 16.0.29306.81
MinimumVisualStudioVersion = 10.0.40219.1
Project("{FAE04EC0-301F-11D3-BF4B-00C04F79EFBC}") = "CoreWiki", "CoreWiki.csproj", "{C828DA7A-9E91-4331-B628-FB3430B2F8F2}"
EndProject
Global
	GlobalSection(SolutionConfigurationPlatforms) = preSolution
		Debug|Any CPU = Debug|Any CPU
		Release|Any CPU = Release|Any CPU
	EndGlobalSection
	GlobalSection(ProjectConfigurationPlatforms) = postSolution
		{C828DA7A-9E91-4331-B628-FB3430B2F8F2}.Debug|Any CPU.ActiveCfg = Debug|Any CPU
		{C828DA7A-9E91-4331-B628-FB3430B2F8F2}.Debug|Any CPU.Build.0 = Debug|Any CPU
		{C828DA7A-9E91-4331-B628-FB3430B2F8F2}.Release|Any CPU.ActiveCfg = Release|Any CPU
		{C828DA7A-9E91-4331-B628-FB3430B2F8F2}.Release|Any CPU.Build.0 = Release|Any CPU
	EndGlobalSection
	GlobalSection(SolutionProperties) = preSolution
		HideSolutionNode = FALSE
	EndGlobalSection
	GlobalSection(ExtensibilityGlobals) = postSolution
		SolutionGuid = {D90B0A0C-4B10-4648-8B61-FF1FF078A3EB}
	EndGlobalSection
EndGlobal
